
Microsoft Visual Studio Solution File, Format Version 12.00
# Visual Studio Version 16
VisualStudioVersion = 16.0.29709.97
MinimumVisualStudioVersion = 10.0.40219.1
Project("{9A19103F-16F7-4668-BE54-9A1E7A4F7556}") = "MIS_Problem_1", "MIS_Problem_1\MIS_Problem_1.csproj", "{F126C9A8-51F1-41FC-BA45-6A0D29E25FAF}"
EndProject
Project("{FAE04EC0-301F-11D3-BF4B-00C04F79EFBC}") = "MIS_Problem_2", "MIS_Problem_2\MIS_Problem_2.csproj", "{1846FECD-F00F-4C37-AF25-8503A37FD475}"
EndProject
Global
	GlobalSection(SolutionConfigurationPlatforms) = preSolution
		Debug|Any CPU = Debug|Any CPU
		Release|Any CPU = Release|Any CPU
	EndGlobalSection
	GlobalSection(ProjectConfigurationPlatforms) = postSolution
		{F126C9A8-51F1-41FC-BA45-6A0D29E25FAF}.Debug|Any CPU.ActiveCfg = Debug|Any CPU
		{F126C9A8-51F1-41FC-BA45-6A0D29E25FAF}.Debug|Any CPU.Build.0 = Debug|Any CPU
		{F126C9A8-51F1-41FC-BA45-6A0D29E25FAF}.Release|Any CPU.ActiveCfg = Release|Any CPU
		{F126C9A8-51F1-41FC-BA45-6A0D29E25FAF}.Release|Any CPU.Build.0 = Release|Any CPU
		{1846FECD-F00F-4C37-AF25-8503A37FD475}.Debug|Any CPU.ActiveCfg = Debug|Any CPU
		{1846FECD-F00F-4C37-AF25-8503A37FD475}.Debug|Any CPU.Build.0 = Debug|Any CPU
		{1846FECD-F00F-4C37-AF25-8503A37FD475}.Release|Any CPU.ActiveCfg = Release|Any CPU
		{1846FECD-F00F-4C37-AF25-8503A37FD475}.Release|Any CPU.Build.0 = Release|Any CPU
	EndGlobalSection
	GlobalSection(SolutionProperties) = preSolution
		HideSolutionNode = FALSE
	EndGlobalSection
	GlobalSection(ExtensibilityGlobals) = postSolution
		SolutionGuid = {2F6614FD-0C97-44E7-A90A-17FCFA8949DF}
	EndGlobalSection
EndGlobal
